
Microsoft Visual Studio Solution File, Format Version 12.00
# Visual Studio 14
VisualStudioVersion = 14.0.23107.0
MinimumVisualStudioVersion = 10.0.40219.1
Project("{FAE04EC0-301F-11D3-BF4B-00C04F79EFBC}") = "NGC_Demo", "NGC_Demo\NGC_Demo.csproj", "{71A57FF6-EBC1-4A7D-B711-09B0353D7FBD}"
EndProject
Global
	GlobalSection(SolutionConfigurationPlatforms) = preSolution
		Debug|ARM = Debug|ARM
		Debug|x64 = Debug|x64
		Debug|x86 = Debug|x86
		Release|ARM = Release|ARM
		Release|x64 = Release|x64
		Release|x86 = Release|x86
	EndGlobalSection
	GlobalSection(ProjectConfigurationPlatforms) = postSolution
		{71A57FF6-EBC1-4A7D-B711-09B0353D7FBD}.Debug|ARM.ActiveCfg = Debug|ARM
		{71A57FF6-EBC1-4A7D-B711-09B0353D7FBD}.Debug|ARM.Build.0 = Debug|ARM
		{71A57FF6-EBC1-4A7D-B711-09B0353D7FBD}.Debug|ARM.Deploy.0 = Debug|ARM
		{71A57FF6-EBC1-4A7D-B711-09B0353D7FBD}.Debug|x64.ActiveCfg = Debug|x64
		{71A57FF6-EBC1-4A7D-B711-09B0353D7FBD}.Debug|x64.Build.0 = Debug|x64
		{71A57FF6-EBC1-4A7D-B711-09B0353D7FBD}.Debug|x64.Deploy.0 = Debug|x64
		{71A57FF6-EBC1-4A7D-B711-09B0353D7FBD}.Debug|x86.ActiveCfg = Debug|x86
		{71A57FF6-EBC1-4A7D-B711-09B0353D7FBD}.Debug|x86.Build.0 = Debug|x86
		{71A57FF6-EBC1-4A7D-B711-09B0353D7FBD}.Debug|x86.Deploy.0 = Debug|x86
		{71A57FF6-EBC1-4A7D-B711-09B0353D7FBD}.Release|ARM.ActiveCfg = Release|ARM
		{71A57FF6-EBC1-4A7D-B711-09B0353D7FBD}.Release|ARM.Build.0 = Release|ARM
		{71A57FF6-EBC1-4A7D-B711-09B0353D7FBD}.Release|ARM.Deploy.0 = Release|ARM
		{71A57FF6-EBC1-4A7D-B711-09B0353D7FBD}.Release|x64.ActiveCfg = Release|x64
		{71A57FF6-EBC1-4A7D-B711-09B0353D7FBD}.Release|x64.Build.0 = Release|x64
		{71A57FF6-EBC1-4A7D-B711-09B0353D7FBD}.Release|x64.Deploy.0 = Release|x64
		{71A57FF6-EBC1-4A7D-B711-09B0353D7FBD}.Release|x86.ActiveCfg = Release|x86
		{71A57FF6-EBC1-4A7D-B711-09B0353D7FBD}.Release|x86.Build.0 = Release|x86
		{71A57FF6-EBC1-4A7D-B711-09B0353D7FBD}.Release|x86.Deploy.0 = Release|x86
	EndGlobalSection
	GlobalSection(SolutionProperties) = preSolution
		HideSolutionNode = FALSE
	EndGlobalSection
EndGlobal
